
Microsoft Visual Studio Solution File, Format Version 12.00
# Visual Studio Version 17
VisualStudioVersion = 17.0.31903.59
MinimumVisualStudioVersion = 10.0.40219.1
Project("{2150E333-8FDC-42A3-9474-1A3956D46DE8}") = "components", "components", "{CFC76EED-D593-4B80-8033-4DA8214DBBDE}"
EndProject
Project("{2150E333-8FDC-42A3-9474-1A3956D46DE8}") = "Jupyternetes.Watchers", "Jupyternetes.Watchers", "{88DAADBA-8A7F-4478-B759-FA9CF11B7FA5}"
EndProject
Project("{FAE04EC0-301F-11D3-BF4B-00C04F79EFBC}") = "Kadense.Jupyternetes.Watchers", "components\Jupyternetes.Watchers\src\Kadense.Jupyternetes.Watchers.csproj", "{319933FB-CD51-49FB-9516-C0409320DCBC}"
EndProject
Project("{FAE04EC0-301F-11D3-BF4B-00C04F79EFBC}") = "Kadense.Jupyternetes.Watchers.Tests", "components\Jupyternetes.Watchers\test\Kadense.Jupyternetes.Watchers.Tests.csproj", "{56F7F5CC-ADF4-44B1-8D2D-957CF9492DED}"
EndProject
Project("{2150E333-8FDC-42A3-9474-1A3956D46DE8}") = "operators", "operators", "{FF2E5C2E-5E10-45C8-992C-6777EE64ABDB}"
EndProject
Project("{2150E333-8FDC-42A3-9474-1A3956D46DE8}") = "Jupyternetes.PodStatus.Operator", "Jupyternetes.PodStatus.Operator", "{790992D5-FE7E-4D92-B0F8-E364F24F087D}"
EndProject
Project("{FAE04EC0-301F-11D3-BF4B-00C04F79EFBC}") = "Kadense.Jupyternetes.PodStatus.Operator", "operators\Jupyternetes.PodStatus.Operator\src\Kadense.Jupyternetes.PodStatus.Operator.csproj", "{5AADC9AE-87AB-4433-A8DF-EF1A18316E11}"
EndProject
Project("{FAE04EC0-301F-11D3-BF4B-00C04F79EFBC}") = "Kadense.Jupyternetes.PodStatus.Operator.Tests", "operators\Jupyternetes.PodStatus.Operator\test\Kadense.Jupyternetes.PodStatus.Operator.Tests.csproj", "{B6A3BF1E-4EF6-493E-B891-75DF12115414}"
EndProject
Project("{2150E333-8FDC-42A3-9474-1A3956D46DE8}") = "Jupyternetes.Pvcs.Operator", "Jupyternetes.Pvcs.Operator", "{BF433751-89FD-4FB1-BB34-11F8C64287B4}"
EndProject
Project("{FAE04EC0-301F-11D3-BF4B-00C04F79EFBC}") = "Kadense.Jupyternetes.Pvcs.Operator", "operators\Jupyternetes.Pvcs.Operator\src\Kadense.Jupyternetes.Pvcs.Operator.csproj", "{E2D384C5-383A-4259-B947-5454015E738F}"
EndProject
Project("{FAE04EC0-301F-11D3-BF4B-00C04F79EFBC}") = "Kadense.Jupyternetes.Pvcs.Operator.Tests", "operators\Jupyternetes.Pvcs.Operator\test\Kadense.Jupyternetes.Pvcs.Operator.Tests.csproj", "{1FEBF0D6-24C6-4F98-82CE-7E6932B44F84}"
EndProject
Project("{2150E333-8FDC-42A3-9474-1A3956D46DE8}") = "Jupyternetes.Pods.Operator", "Jupyternetes.Pods.Operator", "{AF7F17FC-B320-4BC8-8B00-D0A5E6FB57F4}"
EndProject
Project("{FAE04EC0-301F-11D3-BF4B-00C04F79EFBC}") = "Kadense.Jupyternetes.Pods.Operator", "operators\Jupyternetes.Pods.Operator\src\Kadense.Jupyternetes.Pods.Operator.csproj", "{25BCFCBB-1CAE-4DA8-ADFC-D4F4DBB5DE41}"
EndProject
Project("{FAE04EC0-301F-11D3-BF4B-00C04F79EFBC}") = "Kadense.Jupyternetes.Pods.Operator.Tests", "operators\Jupyternetes.Pods.Operator\test\Kadense.Jupyternetes.Pods.Operator.Tests.csproj", "{4F3E3A95-23FA-43B8-8094-0588EFBA903A}"
EndProject
Project("{2150E333-8FDC-42A3-9474-1A3956D46DE8}") = "Models.Jupyternetes", "Models.Jupyternetes", "{00447DE3-4E78-4279-9C16-311FBA79C1FB}"
EndProject
Project("{FAE04EC0-301F-11D3-BF4B-00C04F79EFBC}") = "Kadense.Models.Jupyternetes", "components\Models.Jupyternetes\src\Kadense.Models.Jupyternetes.csproj", "{2E678921-9755-44A9-8D45-CB62114837CE}"
EndProject
Project("{FAE04EC0-301F-11D3-BF4B-00C04F79EFBC}") = "Kadense.Models.Jupyternetes.Tests", "components\Models.Jupyternetes\test\Kadense.Models.Jupyternetes.Tests.csproj", "{981F7D0F-FC0F-4E32-BA20-8DD488FFBA3D}"
EndProject
Project("{2150E333-8FDC-42A3-9474-1A3956D46DE8}") = "cli", "cli", "{CF508AE5-4807-4D10-A4EE-2CCAAD90EE5A}"
EndProject
Project("{2150E333-8FDC-42A3-9474-1A3956D46DE8}") = "CustomResourceDefinition.Generator", "CustomResourceDefinition.Generator", "{8A56E5BE-AE82-4EBC-9AB1-DF50F879B277}"
EndProject
Project("{FAE04EC0-301F-11D3-BF4B-00C04F79EFBC}") = "Kadense.CustomResourceDefinition.Generator", "cli\CustomResourceDefinition.Generator\src\Kadense.CustomResourceDefinition.Generator.csproj", "{6D873C11-F5C6-4C2E-A800-C985E7BFBBE3}"
EndProject
Global
	GlobalSection(SolutionConfigurationPlatforms) = preSolution
		Debug|Any CPU = Debug|Any CPU
		Debug|x64 = Debug|x64
		Debug|x86 = Debug|x86
		Release|Any CPU = Release|Any CPU
		Release|x64 = Release|x64
		Release|x86 = Release|x86
	EndGlobalSection
	GlobalSection(ProjectConfigurationPlatforms) = postSolution
		{319933FB-CD51-49FB-9516-C0409320DCBC}.Debug|Any CPU.ActiveCfg = Debug|Any CPU
		{319933FB-CD51-49FB-9516-C0409320DCBC}.Debug|Any CPU.Build.0 = Debug|Any CPU
		{319933FB-CD51-49FB-9516-C0409320DCBC}.Debug|x64.ActiveCfg = Debug|Any CPU
		{319933FB-CD51-49FB-9516-C0409320DCBC}.Debug|x64.Build.0 = Debug|Any CPU
		{319933FB-CD51-49FB-9516-C0409320DCBC}.Debug|x86.ActiveCfg = Debug|Any CPU
		{319933FB-CD51-49FB-9516-C0409320DCBC}.Debug|x86.Build.0 = Debug|Any CPU
		{319933FB-CD51-49FB-9516-C0409320DCBC}.Release|Any CPU.ActiveCfg = Release|Any CPU
		{319933FB-CD51-49FB-9516-C0409320DCBC}.Release|Any CPU.Build.0 = Release|Any CPU
		{319933FB-CD51-49FB-9516-C0409320DCBC}.Release|x64.ActiveCfg = Release|Any CPU
		{319933FB-CD51-49FB-9516-C0409320DCBC}.Release|x64.Build.0 = Release|Any CPU
		{319933FB-CD51-49FB-9516-C0409320DCBC}.Release|x86.ActiveCfg = Release|Any CPU
		{319933FB-CD51-49FB-9516-C0409320DCBC}.Release|x86.Build.0 = Release|Any CPU
		{56F7F5CC-ADF4-44B1-8D2D-957CF9492DED}.Debug|Any CPU.ActiveCfg = Debug|Any CPU
		{56F7F5CC-ADF4-44B1-8D2D-957CF9492DED}.Debug|Any CPU.Build.0 = Debug|Any CPU
		{56F7F5CC-ADF4-44B1-8D2D-957CF9492DED}.Debug|x64.ActiveCfg = Debug|Any CPU
		{56F7F5CC-ADF4-44B1-8D2D-957CF9492DED}.Debug|x64.Build.0 = Debug|Any CPU
		{56F7F5CC-ADF4-44B1-8D2D-957CF9492DED}.Debug|x86.ActiveCfg = Debug|Any CPU
		{56F7F5CC-ADF4-44B1-8D2D-957CF9492DED}.Debug|x86.Build.0 = Debug|Any CPU
		{56F7F5CC-ADF4-44B1-8D2D-957CF9492DED}.Release|Any CPU.ActiveCfg = Release|Any CPU
		{56F7F5CC-ADF4-44B1-8D2D-957CF9492DED}.Release|Any CPU.Build.0 = Release|Any CPU
		{56F7F5CC-ADF4-44B1-8D2D-957CF9492DED}.Release|x64.ActiveCfg = Release|Any CPU
		{56F7F5CC-ADF4-44B1-8D2D-957CF9492DED}.Release|x64.Build.0 = Release|Any CPU
		{56F7F5CC-ADF4-44B1-8D2D-957CF9492DED}.Release|x86.ActiveCfg = Release|Any CPU
		{56F7F5CC-ADF4-44B1-8D2D-957CF9492DED}.Release|x86.Build.0 = Release|Any CPU
		{5AADC9AE-87AB-4433-A8DF-EF1A18316E11}.Debug|Any CPU.ActiveCfg = Debug|Any CPU
		{5AADC9AE-87AB-4433-A8DF-EF1A18316E11}.Debug|Any CPU.Build.0 = Debug|Any CPU
		{5AADC9AE-87AB-4433-A8DF-EF1A18316E11}.Debug|x64.ActiveCfg = Debug|Any CPU
		{5AADC9AE-87AB-4433-A8DF-EF1A18316E11}.Debug|x64.Build.0 = Debug|Any CPU
		{5AADC9AE-87AB-4433-A8DF-EF1A18316E11}.Debug|x86.ActiveCfg = Debug|Any CPU
		{5AADC9AE-87AB-4433-A8DF-EF1A18316E11}.Debug|x86.Build.0 = Debug|Any CPU
		{5AADC9AE-87AB-4433-A8DF-EF1A18316E11}.Release|Any CPU.ActiveCfg = Release|Any CPU
		{5AADC9AE-87AB-4433-A8DF-EF1A18316E11}.Release|Any CPU.Build.0 = Release|Any CPU
		{5AADC9AE-87AB-4433-A8DF-EF1A18316E11}.Release|x64.ActiveCfg = Release|Any CPU
		{5AADC9AE-87AB-4433-A8DF-EF1A18316E11}.Release|x64.Build.0 = Release|Any CPU
		{5AADC9AE-87AB-4433-A8DF-EF1A18316E11}.Release|x86.ActiveCfg = Release|Any CPU
		{5AADC9AE-87AB-4433-A8DF-EF1A18316E11}.Release|x86.Build.0 = Release|Any CPU
		{B6A3BF1E-4EF6-493E-B891-75DF12115414}.Debug|Any CPU.ActiveCfg = Debug|Any CPU
		{B6A3BF1E-4EF6-493E-B891-75DF12115414}.Debug|Any CPU.Build.0 = Debug|Any CPU
		{B6A3BF1E-4EF6-493E-B891-75DF12115414}.Debug|x64.ActiveCfg = Debug|Any CPU
		{B6A3BF1E-4EF6-493E-B891-75DF12115414}.Debug|x64.Build.0 = Debug|Any CPU
		{B6A3BF1E-4EF6-493E-B891-75DF12115414}.Debug|x86.ActiveCfg = Debug|Any CPU
		{B6A3BF1E-4EF6-493E-B891-75DF12115414}.Debug|x86.Build.0 = Debug|Any CPU
		{B6A3BF1E-4EF6-493E-B891-75DF12115414}.Release|Any CPU.ActiveCfg = Release|Any CPU
		{B6A3BF1E-4EF6-493E-B891-75DF12115414}.Release|Any CPU.Build.0 = Release|Any CPU
		{B6A3BF1E-4EF6-493E-B891-75DF12115414}.Release|x64.ActiveCfg = Release|Any CPU
		{B6A3BF1E-4EF6-493E-B891-75DF12115414}.Release|x64.Build.0 = Release|Any CPU
		{B6A3BF1E-4EF6-493E-B891-75DF12115414}.Release|x86.ActiveCfg = Release|Any CPU
		{B6A3BF1E-4EF6-493E-B891-75DF12115414}.Release|x86.Build.0 = Release|Any CPU
		{E2D384C5-383A-4259-B947-5454015E738F}.Debug|Any CPU.ActiveCfg = Debug|Any CPU
		{E2D384C5-383A-4259-B947-5454015E738F}.Debug|Any CPU.Build.0 = Debug|Any CPU
		{E2D384C5-383A-4259-B947-5454015E738F}.Debug|x64.ActiveCfg = Debug|Any CPU
		{E2D384C5-383A-4259-B947-5454015E738F}.Debug|x64.Build.0 = Debug|Any CPU
		{E2D384C5-383A-4259-B947-5454015E738F}.Debug|x86.ActiveCfg = Debug|Any CPU
		{E2D384C5-383A-4259-B947-5454015E738F}.Debug|x86.Build.0 = Debug|Any CPU
		{E2D384C5-383A-4259-B947-5454015E738F}.Release|Any CPU.ActiveCfg = Release|Any CPU
		{E2D384C5-383A-4259-B947-5454015E738F}.Release|Any CPU.Build.0 = Release|Any CPU
		{E2D384C5-383A-4259-B947-5454015E738F}.Release|x64.ActiveCfg = Release|Any CPU
		{E2D384C5-383A-4259-B947-5454015E738F}.Release|x64.Build.0 = Release|Any CPU
		{E2D384C5-383A-4259-B947-5454015E738F}.Release|x86.ActiveCfg = Release|Any CPU
		{E2D384C5-383A-4259-B947-5454015E738F}.Release|x86.Build.0 = Release|Any CPU
		{1FEBF0D6-24C6-4F98-82CE-7E6932B44F84}.Debug|Any CPU.ActiveCfg = Debug|Any CPU
		{1FEBF0D6-24C6-4F98-82CE-7E6932B44F84}.Debug|Any CPU.Build.0 = Debug|Any CPU
		{1FEBF0D6-24C6-4F98-82CE-7E6932B44F84}.Debug|x64.ActiveCfg = Debug|Any CPU
		{1FEBF0D6-24C6-4F98-82CE-7E6932B44F84}.Debug|x64.Build.0 = Debug|Any CPU
		{1FEBF0D6-24C6-4F98-82CE-7E6932B44F84}.Debug|x86.ActiveCfg = Debug|Any CPU
		{1FEBF0D6-24C6-4F98-82CE-7E6932B44F84}.Debug|x86.Build.0 = Debug|Any CPU
		{1FEBF0D6-24C6-4F98-82CE-7E6932B44F84}.Release|Any CPU.ActiveCfg = Release|Any CPU
		{1FEBF0D6-24C6-4F98-82CE-7E6932B44F84}.Release|Any CPU.Build.0 = Release|Any CPU
		{1FEBF0D6-24C6-4F98-82CE-7E6932B44F84}.Release|x64.ActiveCfg = Release|Any CPU
		{1FEBF0D6-24C6-4F98-82CE-7E6932B44F84}.Release|x64.Build.0 = Release|Any CPU
		{1FEBF0D6-24C6-4F98-82CE-7E6932B44F84}.Release|x86.ActiveCfg = Release|Any CPU
		{1FEBF0D6-24C6-4F98-82CE-7E6932B44F84}.Release|x86.Build.0 = Release|Any CPU
		{25BCFCBB-1CAE-4DA8-ADFC-D4F4DBB5DE41}.Debug|Any CPU.ActiveCfg = Debug|Any CPU
		{25BCFCBB-1CAE-4DA8-ADFC-D4F4DBB5DE41}.Debug|Any CPU.Build.0 = Debug|Any CPU
		{25BCFCBB-1CAE-4DA8-ADFC-D4F4DBB5DE41}.Debug|x64.ActiveCfg = Debug|Any CPU
		{25BCFCBB-1CAE-4DA8-ADFC-D4F4DBB5DE41}.Debug|x64.Build.0 = Debug|Any CPU
		{25BCFCBB-1CAE-4DA8-ADFC-D4F4DBB5DE41}.Debug|x86.ActiveCfg = Debug|Any CPU
		{25BCFCBB-1CAE-4DA8-ADFC-D4F4DBB5DE41}.Debug|x86.Build.0 = Debug|Any CPU
		{25BCFCBB-1CAE-4DA8-ADFC-D4F4DBB5DE41}.Release|Any CPU.ActiveCfg = Release|Any CPU
		{25BCFCBB-1CAE-4DA8-ADFC-D4F4DBB5DE41}.Release|Any CPU.Build.0 = Release|Any CPU
		{25BCFCBB-1CAE-4DA8-ADFC-D4F4DBB5DE41}.Release|x64.ActiveCfg = Release|Any CPU
		{25BCFCBB-1CAE-4DA8-ADFC-D4F4DBB5DE41}.Release|x64.Build.0 = Release|Any CPU
		{25BCFCBB-1CAE-4DA8-ADFC-D4F4DBB5DE41}.Release|x86.ActiveCfg = Release|Any CPU
		{25BCFCBB-1CAE-4DA8-ADFC-D4F4DBB5DE41}.Release|x86.Build.0 = Release|Any CPU
		{4F3E3A95-23FA-43B8-8094-0588EFBA903A}.Debug|Any CPU.ActiveCfg = Debug|Any CPU
		{4F3E3A95-23FA-43B8-8094-0588EFBA903A}.Debug|Any CPU.Build.0 = Debug|Any CPU
		{4F3E3A95-23FA-43B8-8094-0588EFBA903A}.Debug|x64.ActiveCfg = Debug|Any CPU
		{4F3E3A95-23FA-43B8-8094-0588EFBA903A}.Debug|x64.Build.0 = Debug|Any CPU
		{4F3E3A95-23FA-43B8-8094-0588EFBA903A}.Debug|x86.ActiveCfg = Debug|Any CPU
		{4F3E3A95-23FA-43B8-8094-0588EFBA903A}.Debug|x86.Build.0 = Debug|Any CPU
		{4F3E3A95-23FA-43B8-8094-0588EFBA903A}.Release|Any CPU.ActiveCfg = Release|Any CPU
		{4F3E3A95-23FA-43B8-8094-0588EFBA903A}.Release|Any CPU.Build.0 = Release|Any CPU
		{4F3E3A95-23FA-43B8-8094-0588EFBA903A}.Release|x64.ActiveCfg = Release|Any CPU
		{4F3E3A95-23FA-43B8-8094-0588EFBA903A}.Release|x64.Build.0 = Release|Any CPU
		{4F3E3A95-23FA-43B8-8094-0588EFBA903A}.Release|x86.ActiveCfg = Release|Any CPU
		{4F3E3A95-23FA-43B8-8094-0588EFBA903A}.Release|x86.Build.0 = Release|Any CPU
		{2E678921-9755-44A9-8D45-CB62114837CE}.Debug|Any CPU.ActiveCfg = Debug|Any CPU
		{2E678921-9755-44A9-8D45-CB62114837CE}.Debug|Any CPU.Build.0 = Debug|Any CPU
		{2E678921-9755-44A9-8D45-CB62114837CE}.Debug|x64.ActiveCfg = Debug|Any CPU
		{2E678921-9755-44A9-8D45-CB62114837CE}.Debug|x64.Build.0 = Debug|Any CPU
		{2E678921-9755-44A9-8D45-CB62114837CE}.Debug|x86.ActiveCfg = Debug|Any CPU
		{2E678921-9755-44A9-8D45-CB62114837CE}.Debug|x86.Build.0 = Debug|Any CPU
		{2E678921-9755-44A9-8D45-CB62114837CE}.Release|Any CPU.ActiveCfg = Release|Any CPU
		{2E678921-9755-44A9-8D45-CB62114837CE}.Release|Any CPU.Build.0 = Release|Any CPU
		{2E678921-9755-44A9-8D45-CB62114837CE}.Release|x64.ActiveCfg = Release|Any CPU
		{2E678921-9755-44A9-8D45-CB62114837CE}.Release|x64.Build.0 = Release|Any CPU
		{2E678921-9755-44A9-8D45-CB62114837CE}.Release|x86.ActiveCfg = Release|Any CPU
		{2E678921-9755-44A9-8D45-CB62114837CE}.Release|x86.Build.0 = Release|Any CPU
		{981F7D0F-FC0F-4E32-BA20-8DD488FFBA3D}.Debug|Any CPU.ActiveCfg = Debug|Any CPU
		{981F7D0F-FC0F-4E32-BA20-8DD488FFBA3D}.Debug|Any CPU.Build.0 = Debug|Any CPU
		{981F7D0F-FC0F-4E32-BA20-8DD488FFBA3D}.Debug|x64.ActiveCfg = Debug|Any CPU
		{981F7D0F-FC0F-4E32-BA20-8DD488FFBA3D}.Debug|x64.Build.0 = Debug|Any CPU
		{981F7D0F-FC0F-4E32-BA20-8DD488FFBA3D}.Debug|x86.ActiveCfg = Debug|Any CPU
		{981F7D0F-FC0F-4E32-BA20-8DD488FFBA3D}.Debug|x86.Build.0 = Debug|Any CPU
		{981F7D0F-FC0F-4E32-BA20-8DD488FFBA3D}.Release|Any CPU.ActiveCfg = Release|Any CPU
		{981F7D0F-FC0F-4E32-BA20-8DD488FFBA3D}.Release|Any CPU.Build.0 = Release|Any CPU
		{981F7D0F-FC0F-4E32-BA20-8DD488FFBA3D}.Release|x64.ActiveCfg = Release|Any CPU
		{981F7D0F-FC0F-4E32-BA20-8DD488FFBA3D}.Release|x64.Build.0 = Release|Any CPU
		{981F7D0F-FC0F-4E32-BA20-8DD488FFBA3D}.Release|x86.ActiveCfg = Release|Any CPU
		{981F7D0F-FC0F-4E32-BA20-8DD488FFBA3D}.Release|x86.Build.0 = Release|Any CPU
		{6D873C11-F5C6-4C2E-A800-C985E7BFBBE3}.Debug|Any CPU.ActiveCfg = Debug|Any CPU
		{6D873C11-F5C6-4C2E-A800-C985E7BFBBE3}.Debug|Any CPU.Build.0 = Debug|Any CPU
		{6D873C11-F5C6-4C2E-A800-C985E7BFBBE3}.Debug|x64.ActiveCfg = Debug|Any CPU
		{6D873C11-F5C6-4C2E-A800-C985E7BFBBE3}.Debug|x64.Build.0 = Debug|Any CPU
		{6D873C11-F5C6-4C2E-A800-C985E7BFBBE3}.Debug|x86.ActiveCfg = Debug|Any CPU
		{6D873C11-F5C6-4C2E-A800-C985E7BFBBE3}.Debug|x86.Build.0 = Debug|Any CPU
		{6D873C11-F5C6-4C2E-A800-C985E7BFBBE3}.Release|Any CPU.ActiveCfg = Release|Any CPU
		{6D873C11-F5C6-4C2E-A800-C985E7BFBBE3}.Release|Any CPU.Build.0 = Release|Any CPU
		{6D873C11-F5C6-4C2E-A800-C985E7BFBBE3}.Release|x64.ActiveCfg = Release|Any CPU
		{6D873C11-F5C6-4C2E-A800-C985E7BFBBE3}.Release|x64.Build.0 = Release|Any CPU
		{6D873C11-F5C6-4C2E-A800-C985E7BFBBE3}.Release|x86.ActiveCfg = Release|Any CPU
		{6D873C11-F5C6-4C2E-A800-C985E7BFBBE3}.Release|x86.Build.0 = Release|Any CPU
	EndGlobalSection
	GlobalSection(SolutionProperties) = preSolution
		HideSolutionNode = FALSE
	EndGlobalSection
	GlobalSection(NestedProjects) = preSolution
		{88DAADBA-8A7F-4478-B759-FA9CF11B7FA5} = {CFC76EED-D593-4B80-8033-4DA8214DBBDE}
		{319933FB-CD51-49FB-9516-C0409320DCBC} = {88DAADBA-8A7F-4478-B759-FA9CF11B7FA5}
		{56F7F5CC-ADF4-44B1-8D2D-957CF9492DED} = {88DAADBA-8A7F-4478-B759-FA9CF11B7FA5}
		{790992D5-FE7E-4D92-B0F8-E364F24F087D} = {FF2E5C2E-5E10-45C8-992C-6777EE64ABDB}
		{5AADC9AE-87AB-4433-A8DF-EF1A18316E11} = {790992D5-FE7E-4D92-B0F8-E364F24F087D}
		{B6A3BF1E-4EF6-493E-B891-75DF12115414} = {790992D5-FE7E-4D92-B0F8-E364F24F087D}
		{BF433751-89FD-4FB1-BB34-11F8C64287B4} = {FF2E5C2E-5E10-45C8-992C-6777EE64ABDB}
		{E2D384C5-383A-4259-B947-5454015E738F} = {BF433751-89FD-4FB1-BB34-11F8C64287B4}
		{1FEBF0D6-24C6-4F98-82CE-7E6932B44F84} = {BF433751-89FD-4FB1-BB34-11F8C64287B4}
		{AF7F17FC-B320-4BC8-8B00-D0A5E6FB57F4} = {FF2E5C2E-5E10-45C8-992C-6777EE64ABDB}
		{25BCFCBB-1CAE-4DA8-ADFC-D4F4DBB5DE41} = {AF7F17FC-B320-4BC8-8B00-D0A5E6FB57F4}
		{4F3E3A95-23FA-43B8-8094-0588EFBA903A} = {AF7F17FC-B320-4BC8-8B00-D0A5E6FB57F4}
		{00447DE3-4E78-4279-9C16-311FBA79C1FB} = {CFC76EED-D593-4B80-8033-4DA8214DBBDE}
		{2E678921-9755-44A9-8D45-CB62114837CE} = {00447DE3-4E78-4279-9C16-311FBA79C1FB}
		{981F7D0F-FC0F-4E32-BA20-8DD488FFBA3D} = {00447DE3-4E78-4279-9C16-311FBA79C1FB}
		{8A56E5BE-AE82-4EBC-9AB1-DF50F879B277} = {CF508AE5-4807-4D10-A4EE-2CCAAD90EE5A}
		{6D873C11-F5C6-4C2E-A800-C985E7BFBBE3} = {8A56E5BE-AE82-4EBC-9AB1-DF50F879B277}
	EndGlobalSection
EndGlobal
